
Microsoft Visual Studio Solution File, Format Version 12.00
# Visual Studio Version 17
VisualStudioVersion = 17.8.34330.188
MinimumVisualStudioVersion = 10.0.40219.1
Project("{FAE04EC0-301F-11D3-BF4B-00C04F79EFBC}") = "Sahyadri_Navigator_RESTAPI", "Sahyadri_Navigator_RESTAPI.csproj", "{518781A6-7704-4FA1-9D3F-DB5CDB3C68DA}"
EndProject
Global
	GlobalSection(SolutionConfigurationPlatforms) = preSolution
		Debug|Any CPU = Debug|Any CPU
		Release|Any CPU = Release|Any CPU
	EndGlobalSection
	GlobalSection(ProjectConfigurationPlatforms) = postSolution
		{518781A6-7704-4FA1-9D3F-DB5CDB3C68DA}.Debug|Any CPU.ActiveCfg = Debug|Any CPU
		{518781A6-7704-4FA1-9D3F-DB5CDB3C68DA}.Debug|Any CPU.Build.0 = Debug|Any CPU
		{518781A6-7704-4FA1-9D3F-DB5CDB3C68DA}.Release|Any CPU.ActiveCfg = Release|Any CPU
		{518781A6-7704-4FA1-9D3F-DB5CDB3C68DA}.Release|Any CPU.Build.0 = Release|Any CPU
	EndGlobalSection
	GlobalSection(SolutionProperties) = preSolution
		HideSolutionNode = FALSE
	EndGlobalSection
	GlobalSection(ExtensibilityGlobals) = postSolution
		SolutionGuid = {91253630-686E-45A2-B311-828E339854E7}
	EndGlobalSection
EndGlobal
